
Microsoft Visual Studio Solution File, Format Version 12.00
# Visual Studio Version 17
VisualStudioVersion = 17.5.33516.290
MinimumVisualStudioVersion = 10.0.40219.1
Project("{FAE04EC0-301F-11D3-BF4B-00C04F79EFBC}") = "Prog_lab_5", "Prog_lab_5\Prog_lab_5.csproj", "{D76DE9D9-1579-4E23-A8F4-AA9AD5AC7251}"
EndProject
Global
	GlobalSection(SolutionConfigurationPlatforms) = preSolution
		Debug|Any CPU = Debug|Any CPU
		Release|Any CPU = Release|Any CPU
	EndGlobalSection
	GlobalSection(ProjectConfigurationPlatforms) = postSolution
		{D76DE9D9-1579-4E23-A8F4-AA9AD5AC7251}.Debug|Any CPU.ActiveCfg = Debug|Any CPU
		{D76DE9D9-1579-4E23-A8F4-AA9AD5AC7251}.Debug|Any CPU.Build.0 = Debug|Any CPU
		{D76DE9D9-1579-4E23-A8F4-AA9AD5AC7251}.Release|Any CPU.ActiveCfg = Release|Any CPU
		{D76DE9D9-1579-4E23-A8F4-AA9AD5AC7251}.Release|Any CPU.Build.0 = Release|Any CPU
	EndGlobalSection
	GlobalSection(SolutionProperties) = preSolution
		HideSolutionNode = FALSE
	EndGlobalSection
	GlobalSection(ExtensibilityGlobals) = postSolution
		SolutionGuid = {AA297799-B048-4199-B1AB-424CAD085730}
	EndGlobalSection
EndGlobal
